
Microsoft Visual Studio Solution File, Format Version 12.00
Project("{FAE04EC0-301F-11D3-BF4B-00C04F79EFBC}") = "p01_Operators", "p01_Operators\p01_Operators.csproj", "{B9869B5E-E60D-489C-B10A-ED623943ADB0}"
EndProject
Project("{FAE04EC0-301F-11D3-BF4B-00C04F79EFBC}") = "p02_ClassesOOP", "p02_ClassesOOP\p02_ClassesOOP.csproj", "{6778D096-1FEF-460E-B215-793E1909EAB5}"
EndProject
Project("{FAE04EC0-301F-11D3-BF4B-00C04F79EFBC}") = "p03_Interfaces", "p03_Interfaces\p03_Interfaces.csproj", "{504EC54F-515C-43AC-BD16-F76F302D2D18}"
EndProject
Project("{FAE04EC0-301F-11D3-BF4B-00C04F79EFBC}") = "p04_Linq", "p04_Linq\p04_Linq.csproj", "{36CA2114-55EB-4B5B-AFEE-53C26A5265DE}"
EndProject
Project("{FAE04EC0-301F-11D3-BF4B-00C04F79EFBC}") = "p05_Strings", "p05_Strings\p05_Strings.csproj", "{959F7383-E0EA-4633-97D3-EFFC23051223}"
EndProject
Project("{FAE04EC0-301F-11D3-BF4B-00C04F79EFBC}") = "p06_Reflection", "p06_Reflection\p06_Reflection.csproj", "{209BF054-6D64-471E-8514-67FCF752B2A9}"
EndProject
Project("{FAE04EC0-301F-11D3-BF4B-00C04F79EFBC}") = "p07_Attributes", "p07_Attributes\p07_Attributes.csproj", "{C91E7EE9-CECC-484E-AA1B-EE9182C45A4D}"
EndProject
Project("{FAE04EC0-301F-11D3-BF4B-00C04F79EFBC}") = "p09_Delegates", "p09_Delegates\p09_Delegates.csproj", "{1150C3D5-E665-4E8A-B9C9-BC271AB5D42E}"
EndProject
Project("{FAE04EC0-301F-11D3-BF4B-00C04F79EFBC}") = "p10_DotNetDbTools", "p10_DotNetDbTools\p10_DotNetDbTools.csproj", "{9EA64212-2A7D-4C51-8A19-FC5235434A4F}"
EndProject
Project("{FAE04EC0-301F-11D3-BF4B-00C04F79EFBC}") = "p11_DesighnPatterns", "p11_DesighnPatterns\p11_DesighnPatterns.csproj", "{7FAA956E-01BC-4596-8E96-7AC435AC2834}"
EndProject
Project("{FAE04EC0-301F-11D3-BF4B-00C04F79EFBC}") = "p10_EFdll", "p10_EFdll\p10_EFdll.csproj", "{B2986D0A-8AC5-4BE6-BA80-C7DD741A9FC4}"
EndProject
Project("{FAE04EC0-301F-11D3-BF4B-00C04F79EFBC}") = "p10_DbMain", "p10_DbMain\p10_DbMain.csproj", "{60AC4258-6AF7-4427-96CB-CB4535518CF2}"
EndProject
Project("{FAE04EC0-301F-11D3-BF4B-00C04F79EFBC}") = "p10_AdoNetDll", "p10_AdoNetDll\p10_AdoNetDll.csproj", "{1A3641EB-DCE0-43B8-9659-6FD563C6DE06}"
EndProject
Project("{FAE04EC0-301F-11D3-BF4B-00C04F79EFBC}") = "p12_MultiThreading", "p12_MultiThreading\p12_MultiThreading.csproj", "{4F0A9698-6394-4EE5-A96F-71D374D90F80}"
EndProject
Project("{FAE04EC0-301F-11D3-BF4B-00C04F79EFBC}") = "p10_NoSQL", "p10_NoSQL\p10_NoSQL.csproj", "{6917848D-C734-4CA9-A70B-21E605ACD294}"
EndProject
Project("{FAE04EC0-301F-11D3-BF4B-00C04F79EFBC}") = "p09_Events", "p09_Events\p09_Events.csproj", "{943019F9-B14D-4EEB-B2B8-550413BDCD22}"
EndProject
Project("{2150E333-8FDC-42A3-9474-1A3956D46DE8}") = "Libs", "Libs", "{4F7C5B11-83BF-41A3-835B-81D34C0DB2A1}"
EndProject
Project("{FAE04EC0-301F-11D3-BF4B-00C04F79EFBC}") = "DocLib", "DocLib\DocLib.csproj", "{F0A19FC8-5563-4AAF-8FC9-DCA5900F027A}"
EndProject
Project("{FAE04EC0-301F-11D3-BF4B-00C04F79EFBC}") = "p13_Channels", "p13_Channels\p13_Channels.csproj", "{670BFEA1-732B-4FB7-93E1-5A9984D583F8}"
EndProject
Project("{FAE04EC0-301F-11D3-BF4B-00C04F79EFBC}") = "p14_CacheDecorator", "p14_CacheDecorator\p14_CacheDecorator.csproj", "{309C294C-3051-405A-8A4B-81A122B9861B}"
EndProject
Global
	GlobalSection(SolutionConfigurationPlatforms) = preSolution
		Debug|Any CPU = Debug|Any CPU
		Release|Any CPU = Release|Any CPU
	EndGlobalSection
	GlobalSection(ProjectConfigurationPlatforms) = postSolution
		{B9869B5E-E60D-489C-B10A-ED623943ADB0}.Debug|Any CPU.ActiveCfg = Debug|Any CPU
		{B9869B5E-E60D-489C-B10A-ED623943ADB0}.Debug|Any CPU.Build.0 = Debug|Any CPU
		{B9869B5E-E60D-489C-B10A-ED623943ADB0}.Release|Any CPU.ActiveCfg = Release|Any CPU
		{B9869B5E-E60D-489C-B10A-ED623943ADB0}.Release|Any CPU.Build.0 = Release|Any CPU
		{6778D096-1FEF-460E-B215-793E1909EAB5}.Debug|Any CPU.ActiveCfg = Debug|Any CPU
		{6778D096-1FEF-460E-B215-793E1909EAB5}.Debug|Any CPU.Build.0 = Debug|Any CPU
		{6778D096-1FEF-460E-B215-793E1909EAB5}.Release|Any CPU.ActiveCfg = Release|Any CPU
		{6778D096-1FEF-460E-B215-793E1909EAB5}.Release|Any CPU.Build.0 = Release|Any CPU
		{504EC54F-515C-43AC-BD16-F76F302D2D18}.Debug|Any CPU.ActiveCfg = Debug|Any CPU
		{504EC54F-515C-43AC-BD16-F76F302D2D18}.Debug|Any CPU.Build.0 = Debug|Any CPU
		{504EC54F-515C-43AC-BD16-F76F302D2D18}.Release|Any CPU.ActiveCfg = Release|Any CPU
		{504EC54F-515C-43AC-BD16-F76F302D2D18}.Release|Any CPU.Build.0 = Release|Any CPU
		{36CA2114-55EB-4B5B-AFEE-53C26A5265DE}.Debug|Any CPU.ActiveCfg = Debug|Any CPU
		{36CA2114-55EB-4B5B-AFEE-53C26A5265DE}.Debug|Any CPU.Build.0 = Debug|Any CPU
		{36CA2114-55EB-4B5B-AFEE-53C26A5265DE}.Release|Any CPU.ActiveCfg = Release|Any CPU
		{36CA2114-55EB-4B5B-AFEE-53C26A5265DE}.Release|Any CPU.Build.0 = Release|Any CPU
		{959F7383-E0EA-4633-97D3-EFFC23051223}.Debug|Any CPU.ActiveCfg = Debug|Any CPU
		{959F7383-E0EA-4633-97D3-EFFC23051223}.Debug|Any CPU.Build.0 = Debug|Any CPU
		{959F7383-E0EA-4633-97D3-EFFC23051223}.Release|Any CPU.ActiveCfg = Release|Any CPU
		{959F7383-E0EA-4633-97D3-EFFC23051223}.Release|Any CPU.Build.0 = Release|Any CPU
		{209BF054-6D64-471E-8514-67FCF752B2A9}.Debug|Any CPU.ActiveCfg = Debug|Any CPU
		{209BF054-6D64-471E-8514-67FCF752B2A9}.Debug|Any CPU.Build.0 = Debug|Any CPU
		{209BF054-6D64-471E-8514-67FCF752B2A9}.Release|Any CPU.ActiveCfg = Release|Any CPU
		{209BF054-6D64-471E-8514-67FCF752B2A9}.Release|Any CPU.Build.0 = Release|Any CPU
		{C91E7EE9-CECC-484E-AA1B-EE9182C45A4D}.Debug|Any CPU.ActiveCfg = Debug|Any CPU
		{C91E7EE9-CECC-484E-AA1B-EE9182C45A4D}.Debug|Any CPU.Build.0 = Debug|Any CPU
		{C91E7EE9-CECC-484E-AA1B-EE9182C45A4D}.Release|Any CPU.ActiveCfg = Release|Any CPU
		{C91E7EE9-CECC-484E-AA1B-EE9182C45A4D}.Release|Any CPU.Build.0 = Release|Any CPU
		{1150C3D5-E665-4E8A-B9C9-BC271AB5D42E}.Debug|Any CPU.ActiveCfg = Debug|Any CPU
		{1150C3D5-E665-4E8A-B9C9-BC271AB5D42E}.Debug|Any CPU.Build.0 = Debug|Any CPU
		{1150C3D5-E665-4E8A-B9C9-BC271AB5D42E}.Release|Any CPU.ActiveCfg = Release|Any CPU
		{1150C3D5-E665-4E8A-B9C9-BC271AB5D42E}.Release|Any CPU.Build.0 = Release|Any CPU
		{9EA64212-2A7D-4C51-8A19-FC5235434A4F}.Debug|Any CPU.ActiveCfg = Debug|Any CPU
		{9EA64212-2A7D-4C51-8A19-FC5235434A4F}.Debug|Any CPU.Build.0 = Debug|Any CPU
		{9EA64212-2A7D-4C51-8A19-FC5235434A4F}.Release|Any CPU.ActiveCfg = Release|Any CPU
		{9EA64212-2A7D-4C51-8A19-FC5235434A4F}.Release|Any CPU.Build.0 = Release|Any CPU
		{7FAA956E-01BC-4596-8E96-7AC435AC2834}.Debug|Any CPU.ActiveCfg = Debug|Any CPU
		{7FAA956E-01BC-4596-8E96-7AC435AC2834}.Debug|Any CPU.Build.0 = Debug|Any CPU
		{7FAA956E-01BC-4596-8E96-7AC435AC2834}.Release|Any CPU.ActiveCfg = Release|Any CPU
		{7FAA956E-01BC-4596-8E96-7AC435AC2834}.Release|Any CPU.Build.0 = Release|Any CPU
		{B2986D0A-8AC5-4BE6-BA80-C7DD741A9FC4}.Debug|Any CPU.ActiveCfg = Debug|Any CPU
		{B2986D0A-8AC5-4BE6-BA80-C7DD741A9FC4}.Debug|Any CPU.Build.0 = Debug|Any CPU
		{B2986D0A-8AC5-4BE6-BA80-C7DD741A9FC4}.Release|Any CPU.ActiveCfg = Release|Any CPU
		{B2986D0A-8AC5-4BE6-BA80-C7DD741A9FC4}.Release|Any CPU.Build.0 = Release|Any CPU
		{60AC4258-6AF7-4427-96CB-CB4535518CF2}.Debug|Any CPU.ActiveCfg = Debug|Any CPU
		{60AC4258-6AF7-4427-96CB-CB4535518CF2}.Debug|Any CPU.Build.0 = Debug|Any CPU
		{60AC4258-6AF7-4427-96CB-CB4535518CF2}.Release|Any CPU.ActiveCfg = Release|Any CPU
		{60AC4258-6AF7-4427-96CB-CB4535518CF2}.Release|Any CPU.Build.0 = Release|Any CPU
		{1A3641EB-DCE0-43B8-9659-6FD563C6DE06}.Debug|Any CPU.ActiveCfg = Debug|Any CPU
		{1A3641EB-DCE0-43B8-9659-6FD563C6DE06}.Debug|Any CPU.Build.0 = Debug|Any CPU
		{1A3641EB-DCE0-43B8-9659-6FD563C6DE06}.Release|Any CPU.ActiveCfg = Release|Any CPU
		{1A3641EB-DCE0-43B8-9659-6FD563C6DE06}.Release|Any CPU.Build.0 = Release|Any CPU
		{4F0A9698-6394-4EE5-A96F-71D374D90F80}.Debug|Any CPU.ActiveCfg = Debug|Any CPU
		{4F0A9698-6394-4EE5-A96F-71D374D90F80}.Debug|Any CPU.Build.0 = Debug|Any CPU
		{4F0A9698-6394-4EE5-A96F-71D374D90F80}.Release|Any CPU.ActiveCfg = Release|Any CPU
		{4F0A9698-6394-4EE5-A96F-71D374D90F80}.Release|Any CPU.Build.0 = Release|Any CPU
		{6917848D-C734-4CA9-A70B-21E605ACD294}.Debug|Any CPU.ActiveCfg = Debug|Any CPU
		{6917848D-C734-4CA9-A70B-21E605ACD294}.Debug|Any CPU.Build.0 = Debug|Any CPU
		{6917848D-C734-4CA9-A70B-21E605ACD294}.Release|Any CPU.ActiveCfg = Release|Any CPU
		{6917848D-C734-4CA9-A70B-21E605ACD294}.Release|Any CPU.Build.0 = Release|Any CPU
		{943019F9-B14D-4EEB-B2B8-550413BDCD22}.Debug|Any CPU.ActiveCfg = Debug|Any CPU
		{943019F9-B14D-4EEB-B2B8-550413BDCD22}.Debug|Any CPU.Build.0 = Debug|Any CPU
		{943019F9-B14D-4EEB-B2B8-550413BDCD22}.Release|Any CPU.ActiveCfg = Release|Any CPU
		{943019F9-B14D-4EEB-B2B8-550413BDCD22}.Release|Any CPU.Build.0 = Release|Any CPU
		{F0A19FC8-5563-4AAF-8FC9-DCA5900F027A}.Debug|Any CPU.ActiveCfg = Debug|Any CPU
		{F0A19FC8-5563-4AAF-8FC9-DCA5900F027A}.Debug|Any CPU.Build.0 = Debug|Any CPU
		{F0A19FC8-5563-4AAF-8FC9-DCA5900F027A}.Release|Any CPU.ActiveCfg = Release|Any CPU
		{F0A19FC8-5563-4AAF-8FC9-DCA5900F027A}.Release|Any CPU.Build.0 = Release|Any CPU
		{670BFEA1-732B-4FB7-93E1-5A9984D583F8}.Debug|Any CPU.ActiveCfg = Debug|Any CPU
		{670BFEA1-732B-4FB7-93E1-5A9984D583F8}.Debug|Any CPU.Build.0 = Debug|Any CPU
		{670BFEA1-732B-4FB7-93E1-5A9984D583F8}.Release|Any CPU.ActiveCfg = Release|Any CPU
		{670BFEA1-732B-4FB7-93E1-5A9984D583F8}.Release|Any CPU.Build.0 = Release|Any CPU
		{309C294C-3051-405A-8A4B-81A122B9861B}.Debug|Any CPU.ActiveCfg = Debug|Any CPU
		{309C294C-3051-405A-8A4B-81A122B9861B}.Debug|Any CPU.Build.0 = Debug|Any CPU
		{309C294C-3051-405A-8A4B-81A122B9861B}.Release|Any CPU.ActiveCfg = Release|Any CPU
		{309C294C-3051-405A-8A4B-81A122B9861B}.Release|Any CPU.Build.0 = Release|Any CPU
	EndGlobalSection
	GlobalSection(NestedProjects) = preSolution
		{F0A19FC8-5563-4AAF-8FC9-DCA5900F027A} = {4F7C5B11-83BF-41A3-835B-81D34C0DB2A1}
	EndGlobalSection
EndGlobal
