
Microsoft Visual Studio Solution File, Format Version 12.00
Project("{FAE04EC0-301F-11D3-BF4B-00C04F79EFBC}") = "p01_Operators", "p01_Operators\p01_Operators.csproj", "{B9869B5E-E60D-489C-B10A-ED623943ADB0}"
EndProject
Project("{FAE04EC0-301F-11D3-BF4B-00C04F79EFBC}") = "p02_ClassesOOP", "p02_ClassesOOP\p02_ClassesOOP.csproj", "{6778D096-1FEF-460E-B215-793E1909EAB5}"
EndProject
Project("{FAE04EC0-301F-11D3-BF4B-00C04F79EFBC}") = "p03_Interfaces", "p03_Interfaces\p03_Interfaces.csproj", "{504EC54F-515C-43AC-BD16-F76F302D2D18}"
EndProject
Project("{FAE04EC0-301F-11D3-BF4B-00C04F79EFBC}") = "p04_Linq", "p04_Linq\p04_Linq.csproj", "{36CA2114-55EB-4B5B-AFEE-53C26A5265DE}"
EndProject
Project("{FAE04EC0-301F-11D3-BF4B-00C04F79EFBC}") = "p05_Strings", "p05_Strings\p05_Strings.csproj", "{959F7383-E0EA-4633-97D3-EFFC23051223}"
EndProject
Global
	GlobalSection(SolutionConfigurationPlatforms) = preSolution
		Debug|Any CPU = Debug|Any CPU
		Release|Any CPU = Release|Any CPU
	EndGlobalSection
	GlobalSection(ProjectConfigurationPlatforms) = postSolution
		{B9869B5E-E60D-489C-B10A-ED623943ADB0}.Debug|Any CPU.ActiveCfg = Debug|Any CPU
		{B9869B5E-E60D-489C-B10A-ED623943ADB0}.Debug|Any CPU.Build.0 = Debug|Any CPU
		{B9869B5E-E60D-489C-B10A-ED623943ADB0}.Release|Any CPU.ActiveCfg = Release|Any CPU
		{B9869B5E-E60D-489C-B10A-ED623943ADB0}.Release|Any CPU.Build.0 = Release|Any CPU
		{6778D096-1FEF-460E-B215-793E1909EAB5}.Debug|Any CPU.ActiveCfg = Debug|Any CPU
		{6778D096-1FEF-460E-B215-793E1909EAB5}.Debug|Any CPU.Build.0 = Debug|Any CPU
		{6778D096-1FEF-460E-B215-793E1909EAB5}.Release|Any CPU.ActiveCfg = Release|Any CPU
		{6778D096-1FEF-460E-B215-793E1909EAB5}.Release|Any CPU.Build.0 = Release|Any CPU
		{504EC54F-515C-43AC-BD16-F76F302D2D18}.Debug|Any CPU.ActiveCfg = Debug|Any CPU
		{504EC54F-515C-43AC-BD16-F76F302D2D18}.Debug|Any CPU.Build.0 = Debug|Any CPU
		{504EC54F-515C-43AC-BD16-F76F302D2D18}.Release|Any CPU.ActiveCfg = Release|Any CPU
		{504EC54F-515C-43AC-BD16-F76F302D2D18}.Release|Any CPU.Build.0 = Release|Any CPU
		{36CA2114-55EB-4B5B-AFEE-53C26A5265DE}.Debug|Any CPU.ActiveCfg = Debug|Any CPU
		{36CA2114-55EB-4B5B-AFEE-53C26A5265DE}.Debug|Any CPU.Build.0 = Debug|Any CPU
		{36CA2114-55EB-4B5B-AFEE-53C26A5265DE}.Release|Any CPU.ActiveCfg = Release|Any CPU
		{36CA2114-55EB-4B5B-AFEE-53C26A5265DE}.Release|Any CPU.Build.0 = Release|Any CPU
		{959F7383-E0EA-4633-97D3-EFFC23051223}.Debug|Any CPU.ActiveCfg = Debug|Any CPU
		{959F7383-E0EA-4633-97D3-EFFC23051223}.Debug|Any CPU.Build.0 = Debug|Any CPU
		{959F7383-E0EA-4633-97D3-EFFC23051223}.Release|Any CPU.ActiveCfg = Release|Any CPU
		{959F7383-E0EA-4633-97D3-EFFC23051223}.Release|Any CPU.Build.0 = Release|Any CPU
	EndGlobalSection
EndGlobal
